# This file was autogenerated by uv via the following command:
#    uv export --no-dev --no-emit-project -o requirements.lock
aiosmtplib==5.1.2 \
    --hash=sha256:04a0ea3c678f5b719f998f290dce010ca512e1385836d3944206299df03b060f \
    --hash=sha256:070d467cc329dafd0af59108ba5d217d973cba10309910fed359a2a7bfb52d7a
    # via tms-backend
annotated-doc==0.0.4 \
    --hash=sha256:571ac1dc6991c450b25a9c2d84a3705e2ae7a53467b5d111c24fa8baabbed320 \
    --hash=sha256:fbcda96e87e9c92ad167c2e53839e57503ecfda18804ea28102353485033faa4
    # via fastapi
annotated-types==0.7.0 \
    --hash=sha256:1f02e8b43a8fbbc3f3e0d4f0f4bfc8131bcb4eebe8849b8e5c773f3a1c582a53 \
    --hash=sha256:aff07c09a53a08bc8cfccb9c85b05f1aa9a2a6f23728d790723543408344ce89
    # via pydantic
anyio==4.14.2 \
    --hash=sha256:9f505dda5ac9f0c8309b5e8bd445a8c2bf7246f3ce950121e45ea15bc41d1494 \
    --hash=sha256:cfa139f3ed1a23ee8f88a145ddb5ac7605b8bbfd8592baacd7ce3d8bb4313c7f
    # via
    #   httpx
    #   starlette
    #   watchfiles
asyncpg==0.31.0 \
    --hash=sha256:04d19392716af6b029411a0264d92093b6e5e8285ae97a39957b9a9c14ea72be \
    --hash=sha256:0bfbcc5b7ffcd9b75ab1558f00db2ae07db9c80637ad1b2469c43df79d7a5ae2 \
    --hash=sha256:18c83b03bc0d1b23e6230f5bf8d4f217dc9bc08644ce0502a9d91dc9e634a9c7 \
    --hash=sha256:19857a358fc811d82227449b7ca40afb46e75b33eb8897240c3839dd8b744218 \
    --hash=sha256:1b41f1afb1033f2b44f3234993b15096ddc9cd71b21a42dbd87fc6a57b43d65d \
    --hash=sha256:22bc525ebbdc24d1261ecbf6f504998244d4e3be1721784b5f64664d61fbe602 \
    --hash=sha256:334dec28cf20d7f5bb9e45b39546ddf247f8042a690bff9b9573d00086e69cb5 \
    --hash=sha256:3b1fbcb0e396a5ca435a8826a87e5c2c2cc0c8c68eb6fadf82168056b0e53a8c \
    --hash=sha256:54a64f91839ba59008eccf7aad2e93d6e3de688d796f35803235ea1c4898ae1e \
    --hash=sha256:6d11b198111a72f47154fa03b85799f9be63701e068b43f84ac25da0bda9cb31 \
    --hash=sha256:8df714dba348efcc162d2adf02d213e5fab1bd9f557e1305633e851a61814a7a \
    --hash=sha256:9322b563e2661a52e3cdbc93eed3be7748b289f792e0011cb2720d278b366ce2 \
    --hash=sha256:98cc158c53f46de7bb677fd20c417e264fc02b36d901cc2a43bd6cb0dc6dbfd2 \
    --hash=sha256:ba5f8886e850882ff2c2ace5732300e99193823e8107e2c53ef01c1ebfa1e85d \
    --hash=sha256:bd4107bb7cdd0e9e65fae66a62afd3a249663b844fa34d479f6d5b3bef9c04c3 \
    --hash=sha256:bdb957706da132e982cc6856bb2f7b740603472b54c3ebc77fe60ea3e57e1bd2 \
    --hash=sha256:bef056aa502ee34204c161c72ca1f3c274917596877f825968368b2c33f585f4 \
    --hash=sha256:c0e0822b1038dc7253b337b0f3f676cadc4ac31b126c5d42691c39691962e403 \
    --hash=sha256:c204fab1b91e08b0f47e90a75d1b3c62174dab21f670ad6c5d0f243a228f015b \
    --hash=sha256:c989386c83940bfbd787180f2b1519415e2d3d6277a70d9d0f0145ac73500735 \
    --hash=sha256:cea3a0b2a14f95834cee29432e4ddc399b95700eb1d51bbc5bfee8f31fa07b2b \
    --hash=sha256:dc5f2fa9916f292e5c5c8b2ac2813763bcd7f58e130055b4ad8a0531314201ab \
    --hash=sha256:e009abc333464ff18b8f6fd146addffd9aaf63e79aa3bb40ab7a4c332d0c5e9e \
    --hash=sha256:f6b56b91bb0ffc328c4e3ed113136cddd9deefdf5f79ab448598b9772831df44 \
    --hash=sha256:f890de5e1e4f7e14023619399a471ce4b71f5418cd67a51853b9910fdfa73696
    # via tms-backend
cbor2==6.1.2 \
    --hash=sha256:03440b505882280023db1fedcee6844804e9968bb50f9eb4ff12aaf27777fcfe \
    --hash=sha256:08a62f69fe0f0ee1428d901423853b56bb5c775430f798401f8fac4b9affdecc \
    --hash=sha256:27be1cc0abc42f154a48a315c92feb2bfb50397e51c70860460438ea172198a5 \
    --hash=sha256:2af1309865000c401755fd4fdd5550f74ac34c3f79eb7db15f3956714769a5a9 \
    --hash=sha256:3049b04bddf9a5a2d0e5bb25dccdaf4552fcaf607b404e249d4f78f010fcc7d0 \
    --hash=sha256:3c6c3d6598c268abf7068ae75b23b19f708e7a4aa294341b356deb65cb2664f1 \
    --hash=sha256:596e238f24bf9ede11a1ad08d2115fe78105ed6dda42ce1dd35872e7e91974fd \
    --hash=sha256:6b43037a66947dee5af0abb1a4c3a13b3abac5a4a3f32f9771efbbcd030fd909 \
    --hash=sha256:6ca0080e4d8ab0d67c0518ac995d03151a1274b5c295c9e619fb6057c91ae49e \
    --hash=sha256:72ba0ea913ca1a8d916867f1b7d414f140982d2873e5d92f8f51de437e08979e \
    --hash=sha256:8904deb2849bae40cea970e114398a19da371e1048ae1409e64f167a1205daf6 \
    --hash=sha256:8c2202fd1906f978bff3f97b21351815753dd9a8fcf4612a5113b6b257089059 \
    --hash=sha256:8e1478d3b980ddfcaf56e27cecbfe13057e0f67d5e8240fe8a398815acb9c4bf \
    --hash=sha256:96eb687a62040401668f06a85de8f47361ef44574de1493899e0ec678109fc04 \
    --hash=sha256:9f26e08dd78ee77d103065543a65cfb838948fa8735180ad4d81d939950a1420 \
    --hash=sha256:b0b65314a0b18c47651e17792447171a858dd77e3f161c451ad850d63f8718a9 \
    --hash=sha256:b29d58d8ce00535354d873df170a3e9f0f0a02af65d12102d2552e2129c65dc8 \
    --hash=sha256:b44eb2f3ea1c8d9cb3e39c345204ec4d9489f8149b78eb5e058b13b14a8c7b07 \
    --hash=sha256:b8d87fb8a33ff1971cb01511e74b044767cbba1ba536d3dc0b0c48f0d1b62237 \
    --hash=sha256:c02b7d94fe9914798a346a2f089f0f7f85be71d120d40080916d131fa0bd0442 \
    --hash=sha256:c1eedf3290d88a5f663bd8b4b8f0f0e2103d0594c293fa5f4e62e53100972309 \
    --hash=sha256:d2c8da2c0f821827dcc9eb59a5c9351791a8aa3b389a2ea7ca64c4f97bcb94cf \
    --hash=sha256:f1aa38c422d87ea61849b2a823b10b64053fb4da8763f19ac78ea9a69d682b2a \
    --hash=sha256:f93179b4b1ba958b5c37b56969b8f07b4fcf44a83319f47559c59f28a1c564a4 \
    --hash=sha256:ff7d0bd8ff432832338a8d2430aee34f8a082342480ff537c0ba90e2b8ff7894
    # via tms-backend
certifi==2026.6.17 \
    --hash=sha256:024c88eeec92ca068db80f02b8b07c9cef7b9fe261d1d535abfd5abd6f6af432 \
    --hash=sha256:2227dcbaafe0d2f59279d1762ddddc37783ed4354594f194ffc31d20f41fc3db
    # via
    #   httpcore
    #   httpx
    #   requests
charset-normalizer==3.4.9 \
    --hash=sha256:0327fcd59a935777d83410750c50600ee9571af2846f71ce40f25b13da1ef380 \
    --hash=sha256:0d861473f743244d349b50f850d10eb87aeb22bbdcc8e64f79273c94af5a8226 \
    --hash=sha256:16b65ea0f2465b6fb52aa22de5eca612aa964ddfec00a912e26f4656cbef890b \
    --hash=sha256:19ac87f93086ce37b86e098888555c4b4bc48102279bae3350098c0ed664b501 \
    --hash=sha256:21e764fd1e70b6a3e205a0e46f3051701f98a8cb3fad66eeb80e48bb502f8698 \
    --hash=sha256:32286a2c8d167e897177b673176c1e3e00d4057caf5d2b64eef9a3666b03018e \
    --hash=sha256:33bdcc2a32c0a0e861f60841a512c8acc658c87c2ac59d89e3a46dacf7d866e4 \
    --hash=sha256:40a126142a56b2dfc0aacbad1de8310cbf60da7656db0e6b16eebd48e3e93519 \
    --hash=sha256:416c229f77e5ea25b3dfd4b582f8d73d7e43c22320302b9ab128a2d3a0b38efe \
    --hash=sha256:440eede837960000d74978f0eba527be106b5b9aee0daf779d395276ed0b0614 \
    --hash=sha256:4d1c96a7a18b9690a4d46df09e3e3382406ae3213727cd1019ebade1c4a81917 \
    --hash=sha256:51307f5c71007673a2bf8232ad973483d281e74cb99c8c5a990af1eefa6277d9 \
    --hash=sha256:51447e9aa2684679af07ca5021c3db526e0284347ebf4ffcec1154c3350cfe32 \
    --hash=sha256:5b10cd92fc5c498b35a8635df6d5a100207f88b63a4dc1de7ef9a548e1e2cd63 \
    --hash=sha256:609b3ba8fcc0fb5ab7af00719d0fb6ad0cb518e48e7712d12fd68f1327951198 \
    --hash=sha256:611057cc5d5c0afc743ba8be6bd828c17e0aaa8643f9d0a9b9bb7dea80eb8012 \
    --hash=sha256:673611bbd43f0810bec0b0f028ddeaaa501190339cac411f347ac76917c3ae7b \
    --hash=sha256:68e5f26a1ad57ded6d1cfb85331d1c1a195314756471d97758c48498bb4dcdf5 \
    --hash=sha256:69b157c5d3292bcd443faca052f3096f637f1e074b98212a933c074ae23dc3b8 \
    --hash=sha256:75286256590a6320cf106a0d28970d3560aad9ee09aa7b34fb40524792436d35 \
    --hash=sha256:83aed2c10721ddd90f68140685391b50811a880af20654c59af6b6c66c40513c \
    --hash=sha256:84fd18bcc17526fc2b3c1af7d2b9217d32c9c04448c16ec693b9b4f1985c3d33 \
    --hash=sha256:898f0e9068ca27d37f8e83a5b962821df851532e6c4a7d615c1c033f9da6eedf \
    --hash=sha256:8a79d9f4d8001473a30c163556b3c3bfebec837495a412dde78b51672f6134f9 \
    --hash=sha256:9b8e0f3107e2200b76f6054de99016eac3ee6762713587b36baaa7e4bd2ae177 \
    --hash=sha256:a4cfde78a9f2880208d16a93b795726a3017d5977e08d1e162a7a31322479c41 \
    --hash=sha256:a4fbdde9dd4a9ce5fd52c2b3a347bb50cc89483ef783f1cb00d408c13f7a96c0 \
    --hash=sha256:bd47ba7fc3ca94896759ea0109775132d3e7ab921fbf54038e1bab2e46c313c9 \
    --hash=sha256:c1c948747b03be832dceed96ca815cef7360de9aa19d37c730f8e3f6101aca48 \
    --hash=sha256:c25fe15c70c59eb7c5ce8c06a1f3fa1da0ecc5ea1e7a5922c40fd2fa9b0d5046 \
    --hash=sha256:cc1b0fff8ead343dae06305f954eb8468ba0ec1a97881f42489d198e4ce3c632 \
    --hash=sha256:cd6c3d4b783c556fa00bf540854e42f135e2f256abd29669fcd0da0f2dec79c2 \
    --hash=sha256:d4d6fcde76f94f5cb9e43e9e9a61f16dacefd228cbbf6f1a09bd9b219a92f1a1 \
    --hash=sha256:df115d4d83168fdf2cae48ef1ff6d1cb4c466364e30861b37121de0f3bf1b990 \
    --hash=sha256:e4fd89cc178bced6ad29cb3e6dd4aa63fa5017c3524dbd0b25998fb64a87cc8b \
    --hash=sha256:ee2f2a527e3c1a6e6411eb4209642e138b544a2d72fe5d0d76daf77b24063534 \
    --hash=sha256:f7fb7d750cfa0a070d2c24e831fd3481019a60dd317ea2b39acbcebc08b6ed81 \
    --hash=sha256:f840ed6d8ecba8255df8c42b87fadeda98ddfc6eeec05e2dc66e26d46dd6f58a \
    --hash=sha256:f86c6358749bd4fda175388691e3ba8c46e24c5347d0afd20f9b7edfc9faf07d \
    --hash=sha256:fa36ec09ef71d158186bc79e359ff5fdd6e7996fe8ab638f00d6b93139ba4fcf \
    --hash=sha256:fe2c7201c642b7c308f1675355ad7ff7b66acfe3541625efe5a3ad38f29d6115
    # via requests
click==8.4.2 \
    --hash=sha256:9a6cea6e60b17ebe0a44c5cc636d94f09bd66142c1cd7d8b4cd731c4917a15f6 \
    --hash=sha256:e6f9f66136c816745b9d65817da91d61d957fb16e02e4dcd0552553c5a197b76
    # via uvicorn
clickhouse-driver==0.2.10 \
    --hash=sha256:06b6b683af086f9049d0c5e7e660fb76013439efa640e6c8ff6673622c3838fa \
    --hash=sha256:13fdf6571e20ac79992605ad65058296ac0f2437c1e7428a98dd6d173753119e \
    --hash=sha256:19dd1de015d98dd1559d14ef05de2b6a0560c98b77ef160b3b99632a87fc8212 \
    --hash=sha256:20b16b066760cfcc6a8a5342e91585a84ba22152f83421030edd3582b6e420e3 \
    --hash=sha256:23abafd0c883ccc1baea527c1d05a6bc0c59aae6c29ae65e1b84d498b265f8c0 \
    --hash=sha256:2f1d42ffcdc5b77346403e7ac49639a48c2fb58767a3e55657bd40e36290e9f0 \
    --hash=sha256:503bbcbfedd65840489dadf3d0a2ac391888828b8f82579e6ec08efb1f362659 \
    --hash=sha256:5ac6eed651dd6320a50338ff331fea93d20ed13dec27c7c7bfab71f8db3c76bb \
    --hash=sha256:64aa403194bf4d3bdbecc2f8412ca85f4b9a35ed8dc228f23061a9889ce18dc4 \
    --hash=sha256:74b36dfb79311bcf1ba6edde926908a46778a5e9db6302f126a799550f1fb807 \
    --hash=sha256:77ffe2063469c637c5e57bf0713ca1b617b612d55a8392799f97e34c353e6908 \
    --hash=sha256:85e46e31e4b14626571819e669341a3017376ce935d25b2cc0bfea9343b1b562 \
    --hash=sha256:888ab59b2cccda24680cfbaeb723fd8922c6148b9a43ad4cf067fef55959f19f \
    --hash=sha256:8be64c77d58d4a33b3c957cdb7c5a4deeac56bf93f4188dbfb5c5454eb04c985 \
    --hash=sha256:8c49d4b6619ce9237817185a41db6645f1557f7a77f2a822029ded1041179d55 \
    --hash=sha256:8fc51b0991dc9b89ea2379a0bc0995a9ed24428aad834f6af7841cc94488b82f \
    --hash=sha256:925fc6ecda1e5314e3f03bcb493955c068b070cdba221fb8ce27329ee8a7f71b \
    --hash=sha256:9f17746188833162e06e6af595e6a41c2ed09c7714b96860217c696fdb7689cf \
    --hash=sha256:b60c7e3321214eec4568811bcd953836671fa078c57f6607f236414447636de2 \
    --hash=sha256:b6f35a9ee7f7a8ce3483764c3bc2d23c8be1c5ce3aef537b1a3cebe59fdb0c4d \
    --hash=sha256:d7435d1ff2bc577aeedf8f01d94b5777af382484f8973a9c5018d5afd0dd175c \
    --hash=sha256:df2d77779fcc1ddb68614b75bf45b8db61cf63f42a03d5624ce6922a305e609f \
    --hash=sha256:e76c1189a6273c79d906ee8274b9d3c7bf8df597ee6199cb75449ee2702deb8a \
    --hash=sha256:fbf5d692ee4df241e82d200a195dc2ddbe7fbf490ebd185fbd9da32478245399 \
    --hash=sha256:fbfe244d2f06824e175492a54033d8282f0ec5644db8e7e3805f7a9d076f5fcf
    # via tms-backend
colorama==0.4.6 ; sys_platform == 'win32' \
    --hash=sha256:08695f5cb7ed6e0531a20572697297273c47b8cae5a63ffc6d6ed5c201be6e44 \
    --hash=sha256:4f1d9991f5acc0ca119f9d443620b77f9d6b33703e51011c16baf57afb285fc6
    # via
    #   click
    #   uvicorn
dnspython==2.8.0 \
    --hash=sha256:01d9bbc4a2d76bf0db7c1f729812ded6d912bd318d3b1cf81d30c0f845dbf3af \
    --hash=sha256:181d3c6996452cb1189c4046c61599b84a5a86e099562ffde77d26984ff26d0f
    # via email-validator
email-validator==2.3.0 \
    --hash=sha256:80f13f623413e6b197ae73bb10bf4eb0908faf509ad8362c5edeb0be7fd450b4 \
    --hash=sha256:9fc05c37f2f6cf439ff414f8fc46d917929974a82244c20eb10231ba60c54426
    # via tms-backend
fastapi==0.138.0 \
    --hash=sha256:b6f54fd1bd72c80b0f899f172c61a600f6f7af9b43d4d772a018f35624048cb0 \
    --hash=sha256:d445a4877636ad191e7053e08c9bf98cb921a6756776848400bb773d1740c061
    # via tms-backend
filelock==3.29.7 \
    --hash=sha256:5b481979797ae69e72f0b389d89a80bdd585c260c5b3f1fb9c0a5ba9bb3f195d \
    --hash=sha256:987db6f789a3a2a59f55081801b2b3697cb97e2a736b5f1a9e99b559285fbc51
    # via tldextract
h11==0.16.0 \
    --hash=sha256:4e35b956cf45792e4caa5885e69fba00bdbc6ffafbfa020300e549b208ee5ff1 \
    --hash=sha256:63cf8bbe7522de3bf65932fda1d9c2772064ffb3dae62d55932da54b31cb6c86
    # via
    #   httpcore
    #   uvicorn
httpcore==1.0.9 \
    --hash=sha256:2d400746a40668fc9dec9810239072b40b4484b640a8c38fd654a024c7a1bf55 \
    --hash=sha256:6e34463af53fd2ab5d807f399a9b45ea31c3dfa2276f15a2c3f00afff6e176e8
    # via httpx
httptools==0.8.0 \
    --hash=sha256:0770728beb05094c809b98e814edff5fef69d26ad7d21185f2f6d5884a0ba683 \
    --hash=sha256:159e9ab5f701ccd42e555a12f1ad8ff69702910fc1c996cf2bb66e5fcb7a231b \
    --hash=sha256:19d1ee275bb59ba2643ba9a3a1e51cc0c788caf2b8df506368e03f56fdd08527 \
    --hash=sha256:2a021c3a8e65cc125390d72f59b968afca3bdcaff25bd67965e0a055a14946ca \
    --hash=sha256:2c032fa028f46871ec7e1fc59fc15e8023eab3e6bbe6ece786a1611719a5d081 \
    --hash=sha256:2d689918c15a013c65ef52d9fd495d766893ab831a2c8d89f2ac5940a5df847c \
    --hash=sha256:384c17174464c8e873398b7af24f0b1f44d992c820328413951a625323155d77 \
    --hash=sha256:48774d39cbb70e2b1f71f88852a3087ae1d3a1eb80482bb48c13067ab080c14f \
    --hash=sha256:614ceea8ea606848bece2338ac03b3ce5324bcb4be8dc7d377ed708012fa4db8 \
    --hash=sha256:6a43c9dd399758ccc0531acb0a3c4a6c299ee893ee9400e9c893b7bdcfae0681 \
    --hash=sha256:6b2a32f18d97e16e90827d7a819ffa8dbd8cc245fc4e1fa9d1095b54ef4bd999 \
    --hash=sha256:7685df791fad561384bfb139e77fde27a1ffd93134e016f95a0db424ffbf77b1 \
    --hash=sha256:88bdd940f2b5d487b4d032c6afa5489a7dc4694410d43de3c38c4fb3af0dc45d \
    --hash=sha256:88eead8ec8680a9f146c655bc88445a325bd7921cfd8194c7337e9467282427d \
    --hash=sha256:a3b7387147361c3fd47a0bde763c5c91b5b4cd4dc9989b8ece84ff436c99843b \
    --hash=sha256:c4a9f1707e4823d54dfec6c33fa3697d302aed536ed352a7ebb5a061ddb869d0 \
    --hash=sha256:d76ad7b951387e3632c8716a9bb03ac5b45c5f16119aa409db0459520887944e \
    --hash=sha256:de1ed58a974e75d56560acc7e7fed01a454994429456f65209789992e41f2568 \
    --hash=sha256:de242a49b5d18e0a8776e654e9f6bf6d89f3875a5c35b425a0e7ce940feb3fd6 \
    --hash=sha256:e93c227b595c6926c1acee96891dd9da4be338cfbe82e5cd3bb9d8dd7dc4ac0b \
    --hash=sha256:eb3028cca2fc0a6d720e52ef61d8ebb62fcbfeb1de56874546d858d3f25a26b7 \
    --hash=sha256:f256d6ce930c52ca1cb2a960b7da03548c454e7d28b06059ad41bfe789036ce0
    # via uvicorn
httpx==0.28.1 \
    --hash=sha256:75e98c5f16b0f35b567856f597f06ff2270a374470a5c2392242528e3e3e42fc \
    --hash=sha256:d909fcccc110f8c7faf814ca82a9a4d816bc5a6dbfea25d6591d6985b8ba59ad
    # via tms-backend
idna==3.18 \
    --hash=sha256:7f952cbe720b688055e3f87de14f5c3e5fdaa8bc3928985c4077ca689de849a2 \
    --hash=sha256:ffb385a7e039654cef1ab9ef32c6fafe283c0c0467bba1d9029738ce4a14a848
    # via
    #   anyio
    #   email-validator
    #   httpx
    #   requests
    #   tldextract
pydantic==2.13.4 \
    --hash=sha256:45a282cde31d808236fd7ea9d919b128653c8b38b393d1c4ab335c62924d9aba \
    --hash=sha256:c40756b57adaa8b1efeeced5c196f3f3b7c435f90e84ea7f443901bec8099ef6
    # via
    #   fastapi
    #   pydantic-settings
    #   tms-backend
pydantic-core==2.46.4 \
    --hash=sha256:0186750b482eefa11d7f435892b09c5c606193ef3375bcf94aa00ae6bfb66262 \
    --hash=sha256:0cbe8b01f948de4286c74cdd6c667aceb38f5c1e26f0693b3983d9d74887c65e \
    --hash=sha256:184c081504d17f1c1066e430e117142b2c77d9448a97f7b65c6ac9fd9aee238d \
    --hash=sha256:1a7dd0b3ee80d90150e3495a3a13ac34dbcbfd4f012996a6a1d8900e91b5c0fb \
    --hash=sha256:2108ba5c1c1eca18030634489dc544844144ee36357f2f9f780b93e7ddbb44b5 \
    --hash=sha256:23ace664830ee0bfe014a0c7bc248b1f7f25ed7ad103852c317624a1083af462 \
    --hash=sha256:2412e734dcb48da14d4e4006b82b46b74f2518b8a26ee7e58c6844a6cd6d03c4 \
    --hash=sha256:29c61fc04a3d840155ff08e475a04809278972fe6aef51e2720554e96367e34b \
    --hash=sha256:372429a130e469c9cd698925ce5fc50940b7a1336b0d82038e63d5bbc4edc519 \
    --hash=sha256:3bf92c5d0e00fefaab325a4d27828fe6b6e2a21848686b5b60d2d9eeb09d76c6 \
    --hash=sha256:3ecbc122d18468d06ca279dc26a8c2e2d5acb10943bb35e36ae92096dc3b5565 \
    --hash=sha256:3fb702cd90b0446a3a1c5e470bfa0dd23c0233b676a9099ddcc964fa6ca13898 \
    --hash=sha256:428e04521a40150c85216fc8b85e8d39fece235a9cf5e383761238c7fa9b96fb \
    --hash=sha256:4fcbe087dbc2068af7eda3aa87634eba216dbda64d1ae73c8684b621d33f6596 \
    --hash=sha256:5855698a4856556d86e8e6cd8434bc3ac0314ee8e12089ae0e143f64c6256e4e \
    --hash=sha256:5a4330cdbc57162e4b3aa303f588ba752257694c9c9be3e7ebb11b4aca659b5d \
    --hash=sha256:5d5902252db0d3cedf8d4a1bc68f70eeb430f7e4c7104c8c476753519b423008 \
    --hash=sha256:617d7e2ca7dcb8c5cf6bcb8c59b8832c94b36196bbf1cbd1bfb56ed341905edd \
    --hash=sha256:62f875393d7f270851f20523dd2e29f082bcc82292d66db2b64ea71f64b6e1c1 \
    --hash=sha256:633147d34cf4550417f12e2b1a0383973bdf5cdfde212cb09e9a581cf10820be \
    --hash=sha256:6b3ace8194b0e5204818c92802dcdca7fc6d88aabbb799d7c795540d9cd6d292 \
    --hash=sha256:7027560ee92211647d0d34e3f7cd6f50da56399d26a9c8ad0da286d3869a53f3 \
    --hash=sha256:7283d57845ecf5a163403eb0702dfc220cc4fbdd18919cb5ccea4f95ee1cdab4 \
    --hash=sha256:7a5f930472650a82629163023e630d160863fce524c616f4e5186e5de9d9a49b \
    --hash=sha256:811ff8e9c313ab425368bcbb36e5c4ebd7108c2bbf4e4089cfbb0b01eff63fac \
    --hash=sha256:82cf5301172168103724d49a1444d3378cb20cdee30b116a1bd6031236298a5d \
    --hash=sha256:85bb3611ff1802f3ee7fdd7dbff26b56f343fb432d57a4728fdd49b6ef35e2f4 \
    --hash=sha256:8daafc69c93ee8a0204506a3b6b30f586ef54028f52aeeeb5c4cfc5184fd5914 \
    --hash=sha256:9551187363ffc0de2a00b2e47c25aeaeb1020b69b668762966df15fc5659dd5a \
    --hash=sha256:97e7cf2be5c77b7d1a9713a05605d49460d02c6078d38d8bef3cbe323c548424 \
    --hash=sha256:9d56801be94b86a9da183e5f3766e6310752b99ff647e38b09a9500d88e46e76 \
    --hash=sha256:9fa8ae11da9e2b3126c6426f147e0fba88d96d65921799bb30c6abd1cb2c97fb \
    --hash=sha256:af8244b2bef6aaad6d92cda81372de7f8c8d36c9f0c3ea36e827c60e7d9467a0 \
    --hash=sha256:b8458003118a712e66286df6a707db01c52c0f52f7db8e4a38f0da1d3b94fc4e \
    --hash=sha256:bfec22eab3c8cc2ceec0248aec886624116dc079afa027ecc8ad4a7e62010f8a \
    --hash=sha256:c1b3f518abeca3aa13c712fd202306e145abf59a18b094a6bafb2d2bbf59192c \
    --hash=sha256:c50f2528cf200c5eed56faf3f4e22fcd5f38c157a8b78576e6ba3168ec35f000 \
    --hash=sha256:c94f0688e7b8d0a67abf40e57a7eaaecd17cc9586706a31b76c031f63df052b4 \
    --hash=sha256:cbaf13819775b7f769bf4a1f066cb6df7a28d4480081a589828ef190226881cd \
    --hash=sha256:cd2213145bcc2ba85884d0ac63d222fece9209678f77b9b4d76f054c561adb28 \
    --hash=sha256:ce5c1d2a8b27468f433ca974829c44060b8097eedc39933e3c206a90ee49c4a9 \
    --hash=sha256:e739fee756ba1010f8bcccb534252e85a35fe45ae92c295a06059ce58b74ccd3 \
    --hash=sha256:e846ae7835bf0703ae43f534ab79a867146dadd59dc9ca5c8b53d5c8f7c9ef02 \
    --hash=sha256:f027324c56cd5406ca49c124b0db10e56c69064fec039acc571c29020cc87c76 \
    --hash=sha256:f99626688942fb746e545232e7726926f3be91b5975f8b55327665fafda991c7 \
    --hash=sha256:fc3e9034a63de20e15e8ade85358bc6efc614008cab72898b4b4952bea0509ff
    # via pydantic
pydantic-settings==2.14.2 \
    --hash=sha256:a20c97b37910b6550d5ea50fbcc2d4187defe58cd57070b73863d069419c9440 \
    --hash=sha256:c19dd64b19097f1de80184f0cc7b0272a13ae6e170cbf240a3e27e381ed14a5f
    # via tms-backend
python-dotenv==1.2.2 \
    --hash=sha256:1d8214789a24de455a8b8bd8ae6fe3c6b69a5e3d64aa8a8e5d68e694bbcb285a \
    --hash=sha256:2c371a91fbd7ba082c2c1dc1f8bf89ca22564a087c2c287cd9b662adde799cf3
    # via
    #   pydantic-settings
    #   tms-backend
    #   uvicorn
pytz==2026.2 \
    --hash=sha256:04156e608bee23d3792fd45c94ae47fae1036688e75032eea2e3bf0323d1f126 \
    --hash=sha256:0e60b47b29f21574376f218fe21abc009894a2321ea16c6754f3cad6eb7cdd6a
    # via clickhouse-driver
pyyaml==6.0.3 \
    --hash=sha256:00c4bdeba853cc34e7dd471f16b4114f4162dc03e6b7afcc2128711f0eca823c \
    --hash=sha256:02893d100e99e03eda1c8fd5c441d8c60103fd175728e23e431db1b589cf5ab3 \
    --hash=sha256:0f29edc409a6392443abf94b9cf89ce99889a1dd5376d94316ae5145dfedd5d6 \
    --hash=sha256:16249ee61e95f858e83976573de0f5b2893b3677ba71c9dd36b9cf8be9ac6d65 \
    --hash=sha256:2283a07e2c21a2aa78d9c4442724ec1eb15f5e42a723b99cb3d822d48f5f7ad1 \
    --hash=sha256:34d5fcd24b8445fadc33f9cf348c1047101756fd760b4dacb5c3e99755703310 \
    --hash=sha256:4a2e8cebe2ff6ab7d1050ecd59c25d4c8bd7e6f400f5f82b96557ac0abafd0ac \
    --hash=sha256:4ad1906908f2f5ae4e5a8ddfce73c320c2a1429ec52eafd27138b7f1cbe341c9 \
    --hash=sha256:501a031947e3a9025ed4405a168e6ef5ae3126c59f90ce0cd6f2bfc477be31b7 \
    --hash=sha256:5190d403f121660ce8d1d2c1bb2ef1bd05b5f68533fc5c2ea899bd15f4399b35 \
    --hash=sha256:5498cd1645aa724a7c71c8f378eb29ebe23da2fc0d7a08071d89469bf1d2defb \
    --hash=sha256:66e1674c3ef6f541c35191caae2d429b967b99e02040f5ba928632d9a7f0f065 \
    --hash=sha256:6adc77889b628398debc7b65c073bcb99c4a0237b248cacaf3fe8a557563ef6c \
    --hash=sha256:79005a0d97d5ddabfeeea4cf676af11e647e41d81c9a7722a193022accdb6b7c \
    --hash=sha256:7c6610def4f163542a622a73fb39f534f8c101d690126992300bf3207eab9764 \
    --hash=sha256:8d1fab6bb153a416f9aeb4b8763bc0f22a5586065f86f7664fc23339fc1c1fac \
    --hash=sha256:8da9669d359f02c0b91ccc01cac4a67f16afec0dac22c2ad09f46bee0697eba8 \
    --hash=sha256:93dda82c9c22deb0a405ea4dc5f2d0cda384168e466364dec6255b293923b2f3 \
    --hash=sha256:a33284e20b78bd4a18c8c2282d549d10bc8408a2a7ff57653c0cf0b9be0afce5 \
    --hash=sha256:a80cb027f6b349846a3bf6d73b5e95e782175e52f22108cfa17876aaeff93702 \
    --hash=sha256:b3bc83488de33889877a0f2543ade9f70c67d66d9ebb4ac959502e12de895788 \
    --hash=sha256:c1ff362665ae507275af2853520967820d9124984e0f7466736aea23d8611fba \
    --hash=sha256:c458b6d084f9b935061bc36216e8a69a7e293a2f1e68bf956dcd9e6cbcd143f5 \
    --hash=sha256:d0eae10f8159e8fdad514efdc92d74fd8d682c933a6dd088030f3834bc8e6b26 \
    --hash=sha256:d76623373421df22fb4cf8817020cbb7ef15c725b9d5e45f17e189bfc384190f \
    --hash=sha256:ebc55a14a21cb14062aa4162f906cd962b28e2e9ea38f9b4391244cd8de4ae0b \
    --hash=sha256:eda16858a3cab07b80edaf74336ece1f986ba330fdb8ee0d6c0d68fe82bc96be \
    --hash=sha256:ee2922902c45ae8ccada2c5b501ab86c36525b883eff4255313a253a3160861c \
    --hash=sha256:f7057c9a337546edc7973c0d3ba84ddcdf0daa14533c2065749c9075001090e6
    # via
    #   tms-backend
    #   uvicorn
rapidfuzz==3.14.5 \
    --hash=sha256:0084b687b02b4e569b46d8d6d4ad25659528e6081cd6d067ca453a69035f07e4 \
    --hash=sha256:0298d357e2bc59d572da4db0bc631009b6f8f6c9bc8c11e99a12b833f16b6575 \
    --hash=sha256:0f23e37019ec07712d58976b1ab2b889f8649a7f7c2f626a2f34ea9139e79279 \
    --hash=sha256:11bfc2ed8fbe4ab86bd516fadefab126f90e6dcadffa761739fcb304707dfd35 \
    --hash=sha256:17a34330cd2a538c1ce5d400b61ba358c5b72c654b928ff87b362e88f8b864c7 \
    --hash=sha256:1a31cc6d7d03e7318a0974c038959c59e19c752b81115f2e9138b3331cd64d45 \
    --hash=sha256:2e83cd2e25bb4edd97b689d9979d9c3acccdaaf26ceac08212ceece202febcfa \
    --hash=sha256:39ef8658aaf67d51667e7bdaf7096f432333377d8302ac43c70b5df8a4cf89b8 \
    --hash=sha256:3e91dcd2549b8f8d843f98ba03a17e01f3d8b72ce942adbbb6761bc58ffce813 \
    --hash=sha256:419e4397a36e2665ec992d8d64c20ba4b2a42500c76ecadeca78a4f19cb9cc32 \
    --hash=sha256:440d30faaf682ca496170a7f0cc5453ec942e3e079f0fd802c9a7f938dfb50a3 \
    --hash=sha256:46b92a9970dcc34f0096901c792644094cab49554ac3547f35e3aebbdf0a3610 \
    --hash=sha256:4900143d82071bdda533b00300c40b14b963ff826b3642cc463b6dd0f036585e \
    --hash=sha256:4a60f0057231188e3bd30216f7b4e0f279b11fa4ec818bb6c1d9f014d1562fbc \
    --hash=sha256:56227a61fd3d17b0cd9793132431f3a3d07c8654be96794ba9f89fe0fc8b2d09 \
    --hash=sha256:593c00dac4e30231c35bf3b4f1da8ec0998762e9e94425586a5d636fcd57f9d0 \
    --hash=sha256:59b3dba758661a318995655435c6ab20a04ade79fa51e75bc8dc107cac8df280 \
    --hash=sha256:5dfa89d78f22cd773054caff44827b846161a29f2dcf7e78b8f90d086621e502 \
    --hash=sha256:6737b35d5af7479c5bf9710f7b17edd9d2c43128d974d25fb4ea653e42c64609 \
    --hash=sha256:67f3f9d2b444268ab53e47d31bab89954888d23c04c6789f2c727e51fe4b1d13 \
    --hash=sha256:738c96944d076deeaff70e92b65696ab4f7ecb8081d7791c5403a3257dfaf8ff \
    --hash=sha256:77eac0526899b3c3ad1454bb2b03cdb491d67358ec8ef0c9c48bd61b632b431d \
    --hash=sha256:7d5ca9c7832e6879a707296d1463685f7c243a27846227044504741640caec66 \
    --hash=sha256:8ce1d850b3c0178440efde9e884d98421b5e87ff925f364d6d79e23910d7593f \
    --hash=sha256:93d8da883a35116d6813432177f35e570db5b0a5e30ecb0cbd7cb39c815735df \
    --hash=sha256:95d937e74c1a7a1287dfb03b62a827be08ede10a155cf1af73bbf47f2b73ee6e \
    --hash=sha256:97131ab2be39043054ee28d99e09efe316e6d53449b7e962dfcf3c2de8b2b246 \
    --hash=sha256:9ad37a0be705b544af6296da8edddc260d10a8ae5462530fc9991f66498bb1f9 \
    --hash=sha256:a2ae6f53f99c9a0eca7a0afc5b4e45fc73bc1dd4ac74c00509031d76df80ed98 \
    --hash=sha256:aac0ad28c686a5e72b81668b906c030ee28050b244544b8af68e12fb32543895 \
    --hash=sha256:af3b859726cd3374287e405e14b9634563c078c5531a4f62375508addebddad1 \
    --hash=sha256:af6a90a4ed2a48fa1a2d17e9d824e6c7c950bea5bad0b707c77fd55751e6bfef \
    --hash=sha256:b002c7994cc9f2bc9d9856f0fbaee6e8072c983873846c92f25cefba5b2a925f \
    --hash=sha256:b486b5218808f6f4dc471b114b1054e63553db69705c97da0271f47bd706aedd \
    --hash=sha256:b9c6bd754d11f6e78ac54e3d86b4b11dc1ba2f13e5fc958899574532897f5a99 \
    --hash=sha256:ba10ac57884ce82112f7ed910b67e7fb6072d8ef2c06e30dc63c0f604a112e0e \
    --hash=sha256:bf5018938208d4597b2e679a4f8cff9fd252f1df53583130ae56281a21801b64 \
    --hash=sha256:c0919d1f89ddf91129906705723118ea09754171e4116f5a5dbc667c7bc9b261 \
    --hash=sha256:c84af70bcf34e99aee894e46a0f1ac77f17d0ef828179c387407642e2466d28a \
    --hash=sha256:d45e06f60729e07d9b20c205f7e5cff90b6ef2584e852eecf46e045aea69627d \
    --hash=sha256:e012177c8e8a8a0754ae0d6027d63042aa5ff036d9f40f07cb3466a6082e21b8 \
    --hash=sha256:e52da10236aa6212de71b9e170bace65b64b129c0dea7fc243d6c9ce976f5074 \
    --hash=sha256:ebd8fd343bf8492a1e60bcb6dc99f90f74f65d98d8241a6b3e1fed225b76ecd6 \
    --hash=sha256:f4c1bca487a17fe4226b4ffb2d30e799d2b274d692cffa76bd0746f56235fca3 \
    --hash=sha256:feedf219672eef83ea6be6f3bb093bba396a8560fc75be85ba225f082903df0a
    # via tms-backend
requests==2.34.2 \
    --hash=sha256:2a0d60c172f83ac6ab31e4554906c0f3b3588d37b5cb939b1c061f4907e278e0 \
    --hash=sha256:f288924cae4e29463698d6d60bc6a4da69c89185ad1e0bcc4104f584e960b9ed
    # via
    #   requests-file
    #   tldextract
requests-file==3.0.1 \
    --hash=sha256:d0f5eb94353986d998f80ac63c7f146a307728be051d4d1cd390dbdb59c10fa2 \
    --hash=sha256:f14243d7796c588f3521bd423c5dea2ee4cc730e54a3cac9574d78aca1272576
    # via tldextract
starlette==1.3.1 \
    --hash=sha256:05d0213193f2fbaae60e2ecb593b4add4262ad4e46536b54abe36f11a71724e0 \
    --hash=sha256:c7372aae11c3c3f26a42df7bd626cec2f47d03483d261d369516a615a53714c6
    # via fastapi
tldextract==5.3.1 \
    --hash=sha256:6bfe36d518de569c572062b788e16a659ccaceffc486d243af0484e8ecf432d9 \
    --hash=sha256:a72756ca170b2510315076383ea2993478f7da6f897eef1f4a5400735d5057fb
    # via tms-backend
typing-extensions==4.16.0 \
    --hash=sha256:481caa481374e813c1b176ada14e97f1f67a4539ce9cfeb3f350d78d6370c2e8 \
    --hash=sha256:dc983d19a509c94dba722ee6abd33940f7c05a89e243c47e907eb4db6f1a43e5
    # via
    #   fastapi
    #   pydantic
    #   pydantic-core
    #   typing-inspection
typing-inspection==0.4.2 \
    --hash=sha256:4ed1cacbdc298c220f1bd249ed5287caa16f34d44ef4e9c3d0cbad5b521545e7 \
    --hash=sha256:ba561c48a67c5958007083d386c3295464928b01faa735ab8547c5692e87f464
    # via
    #   fastapi
    #   pydantic
    #   pydantic-settings
tzdata==2026.3 ; sys_platform == 'win32' \
    --hash=sha256:4a1518b8993086a7982523e071643f3c0e5f213e75b21318e78bcabfff9d1415 \
    --hash=sha256:dc096730c87af6cab1b171c9d532be840741ff5d459015e7f6947bd7d7e54931
    # via tzlocal
tzlocal==5.4.4 \
    --hash=sha256:8dbb8660838688a7b6ba4fed31d18dedf842afb4d47ca050d6d891c2c15f3be4 \
    --hash=sha256:aae09f0126a8a86fa736be266eb4a471380d26a0de3bc14844e7821fee3e2a15
    # via clickhouse-driver
urllib3==2.7.0 \
    --hash=sha256:231e0ec3b63ceb14667c67be60f2f2c40a518cb38b03af60abc813da26505f4c \
    --hash=sha256:9fb4c81ebbb1ce9531cce37674bbc6f1360472bc18ca9a553ede278ef7276897
    # via requests
uvicorn==0.49.0 \
    --hash=sha256:ba3d14c3ee7e41c6c654c46c9eb489d33213cdd30aa1696eab1374337c13f68f \
    --hash=sha256:ebf4271aa580d9de97f93192d4595176df6e91f9aae919ca73e4fc07df1e66a3
    # via tms-backend
uvloop==0.22.1 ; platform_python_implementation != 'PyPy' and sys_platform != 'cygwin' and sys_platform != 'win32' \
    --hash=sha256:0530a5fbad9c9e4ee3f2b33b148c6a64d47bbad8000ea63704fa8260f4cf728e \
    --hash=sha256:1cdf5192ab3e674ca26da2eada35b288d2fa49fdd0f357a19f0e7c4e7d5077c8 \
    --hash=sha256:1f38ec5e3f18c8a10ded09742f7fb8de0108796eb673f30ce7762ce1b8550cad \
    --hash=sha256:297c27d8003520596236bdb2335e6b3f649480bd09e00d1e3a99144b691d2a35 \
    --hash=sha256:37554f70528f60cad66945b885eb01f1bb514f132d92b6eeed1c90fd54ed6289 \
    --hash=sha256:3879b88423ec7e97cd4eba2a443aa26ed4e59b45e6b76aabf13fe2f27023a142 \
    --hash=sha256:4baa86acedf1d62115c1dc6ad1e17134476688f08c6efd8a2ab076e815665c74 \
    --hash=sha256:561577354eb94200d75aca23fbde86ee11be36b00e52a4eaf8f50fb0c86b7705 \
    --hash=sha256:6c84bae345b9147082b17371e3dd5d42775bddce91f885499017f4607fdaf39f \
    --hash=sha256:6cde23eeda1a25c75b2e07d39970f3374105d5eafbaab2a4482be82f272d5a5e \
    --hash=sha256:6e2ea3d6190a2968f4a14a23019d3b16870dd2190cd69c8180f7c632d21de68d \
    --hash=sha256:93f617675b2d03af4e72a5333ef89450dfaa5321303ede6e67ba9c9d26878079 \
    --hash=sha256:b31dc2fccbd42adc73bc4e7cdbae4fc5086cf378979e53ca5d0301838c5682c6 \
    --hash=sha256:b76324e2dc033a0b2f435f33eb88ff9913c156ef78e153fb210e03c13da746b3 \
    --hash=sha256:b91328c72635f6f9e0282e4a57da7470c7350ab1c9f48546c0f2866205349d21 \
    --hash=sha256:badb4d8e58ee08dad957002027830d5c3b06aea446a6a3744483c2b3b745345c \
    --hash=sha256:bc5ef13bbc10b5335792360623cc378d52d7e62c2de64660616478c32cd0598e \
    --hash=sha256:c1955d5a1dd43198244d47664a5858082a3239766a839b2102a269aaff7a4e25 \
    --hash=sha256:daf620c2995d193449393d6c62131b3fbd40a63bf7b307a1527856ace637fe88
    # via uvicorn
watchfiles==1.2.0 \
    --hash=sha256:01859b11fd9fbca670f4d5da00fbac282cfea9bd67a2125d8b2833a3b5617ea9 \
    --hash=sha256:01ea8d66f0693b9b60a6541c8d10263091ca9a9060d242f3c1f3143f9aad2c98 \
    --hash=sha256:054dc20fd2e3132b4c3883b4a00d72fd6e1f56fdaf89fccd12e8057d74cd74d7 \
    --hash=sha256:0a105bc2283f67e8fbec74253ec2d94925de92ed72c0393f1206bf326b7b7b69 \
    --hash=sha256:0a37faaed405c67e28e6be45a1fa4f206ef5a2860f27c237db9fa30704c38242 \
    --hash=sha256:0c4997d4e4a55f0d02b6cde327322daf3a0400e5df6c6b15948994bf72497925 \
    --hash=sha256:0cb4d80e212f116474a545c21c912b445f16bb0cef9e6a73a498164223e14e2f \
    --hash=sha256:0e831a271c035d89789cffc386b6aa1375f39f1cd25eb7ca0997e4970d152fc5 \
    --hash=sha256:10d86db20695afe7997ac9e1717637d6714a8d0220458c33f3d2061f54cec427 \
    --hash=sha256:1bc6195825b7dcd217968bb1f801a60fd4c16e8eeab5bedc7fe917d7d5995ab4 \
    --hash=sha256:20aa0e708b920bde876a4aa82dc7dd6ebea228a63a67cda6632c2fc87b787efa \
    --hash=sha256:23282a321c8baf9b3a3c4afff673f9fe65eb7fdc2338d765ccad9d3d1916a5ba \
    --hash=sha256:2b37d10b5a63bd4d87e18472d80fa525bd670586fae62e5dd580452764879b65 \
    --hash=sha256:3416ff151bb6b5a8d8d11664974fbef4d9305b9b2957839ab5a270468fd8df30 \
    --hash=sha256:3651aa7058595e9cfb75d35dd5ada2bf9f48a5b8a0f3562821d3e210c507e077 \
    --hash=sha256:37a6721cdf3f65dbb13aa9503510ccb4451603ac837e44d265d7992a597e1374 \
    --hash=sha256:43d818978d06062d9b22c4fab2ebe44cf5213d42dc8e62bda8c2760cfa2eeb33 \
    --hash=sha256:4429f3b105524a10b72c3a819b091c495d2811d419c1e1e8df773a5a5974f831 \
    --hash=sha256:4543579a9bdb0c9560039b4ffddbdb39545707659fbc430ce4c10f3f68d557f9 \
    --hash=sha256:4c887eba18b7945ac73067a8b4a66f21cd46c2539b2bc68588f7be6c7eb6d26b \
    --hash=sha256:4e4ff8e37f99cf1da89e255e07c9c4b37c214038c4283707bdec308cb1b0ea1f \
    --hash=sha256:4f34e26a19f91f710c08e0183429f0d1d15df734e6bc78c31e77b9ea9c433658 \
    --hash=sha256:5327989a465505f05cfe06f04fa9d0c2fd5432bb243e10e6f012b1bdca3c8579 \
    --hash=sha256:63ac26eefbf4af1741247d6fb68b11c49a25b2f7413fbd318a83a12aaa9cf666 \
    --hash=sha256:71283b39fd17e5408eb123bd37aeecfd9d54c81fc184421943208aadb879d103 \
    --hash=sha256:71cd71740ed2c15211ebb237ced4e39a1cdf6f80566e5fe95428da1626f4fde6 \
    --hash=sha256:7a7ce236284f002a156f70add88efe5c70879cccbb658be0822c54b1306fc09d \
    --hash=sha256:7ba0480b9a74af058f43b337e937a451e109295c420916d68ad24e3dc02f5e44 \
    --hash=sha256:8520a4ab0e37f770afc34459c4f8f7019e153f9124dc101c15538365875d1ab2 \
    --hash=sha256:86bc13c25a8d1fcd70b51d0ce7c9b65e90de5666fcbfd3e34957cc73ee19aeb5 \
    --hash=sha256:8f200104103feb097de4cab8fe4f5dd18a2026934c7dea98c55a2f5fd6d5a33b \
    --hash=sha256:922c0e019fe68b3ae392965a766b02a71ba1168c932cebc3733cd52c5fe5b377 \
    --hash=sha256:9649193aa27bd9ff2e80ff29bfaa93085496c7a3a377592823cc58b77ee88add \
    --hash=sha256:9f04b092229ad2c50126dd3c922c8822e51e605993764a33058d4a791ab42281 \
    --hash=sha256:a0f27f01bee51861392bb6b7c4fdb290b27d1eb194e9e28788d68102a0e898d9 \
    --hash=sha256:a204794696ffb8f9b10fba6f7cb5216d42f3b2b71860ccac6b6e42f5f10973b0 \
    --hash=sha256:ae99b14c5f21e026e0e9d96f40e07d8570ebee6cafd9d8fc318354606daa7a28 \
    --hash=sha256:b141a4891c995a039cd89e9a49e62df1dc8a559a5d1a6e4c7106d16c12777a55 \
    --hash=sha256:b4e77f6a55f858504069abd35d336a637555c09bca453dde1ee1e5ada8a6a1fb \
    --hash=sha256:b718bf356bbc15e559bd8ef41782b573b8ae0e3f177ab244b440568d7ea02cfb \
    --hash=sha256:b8c8358484d5fa12ef34f05b7f4168eaf1932f408725ff6d023c33ec17bd79d4 \
    --hash=sha256:b974946a10af379d425e2eef5b62f5c6ebeaccf91d45eaad6f5b27ecd4f91aa0 \
    --hash=sha256:b9909cc2b48468b575eefa944919e1fe8a36c5849d5c7c168f80a8c1db69398e \
    --hash=sha256:b9f732dc58b2dbe69e464ccf8fff7a03b0dd0be439da4c0720d3558527d3d6b4 \
    --hash=sha256:bb7e52ecf68ba46d22df23467b87cffeb2146908aa523ebfe803019618cfda06 \
    --hash=sha256:c0db965c5f79aa49fe672d297cf1febc5ad149b658594944f49a54a2b96270a7 \
    --hash=sha256:c525543d91961c6955b2636b308569e84a1d1c5f5f2932041ab9ef46422f43e3 \
    --hash=sha256:c5c19526f4e54a00f2666a6c0e9e40d582c09e865055ea7378bf0009aab857b3 \
    --hash=sha256:c995fba777f1ea992f090f9236e9284cf7a5d1a0130dd5a3d82c598cacd76838 \
    --hash=sha256:ca148d73dea36c9763aaa351e4d7a51780ec1584217c45276f4fe8239c768b71 \
    --hash=sha256:cee9d5efd929efdac5f7e58f72b3376f676b64050a91c5b99a7094c5b2317488 \
    --hash=sha256:d413349d565dab74297f2a63e84a097936be69bf8f3b3801f27f380e32040f44 \
    --hash=sha256:d4a4b147f5dca2a5d325a06a832fb43f345751adfbc63204aec30e0d9ca965a2 \
    --hash=sha256:d73a585accffa5ae39c17264c36ec3166d2fad7000c780f5ef83b2722afb9dd2 \
    --hash=sha256:e140ed30ebde76796b686e67c182cff10ea2fbab186fafd1560f74bb5a473a6e \
    --hash=sha256:eb283ee99e21ad6443c8cdb06ac5b34b1308c329cbdf03fa02b445363714c799 \
    --hash=sha256:ecb47f183a8025b2aa18b546725c3657e542112ae9c0613a2af79b4fa8d04ad7 \
    --hash=sha256:f22943b7770483f6ea0721c6b11d022947a98eb0acae14694de034f4d0d38925 \
    --hash=sha256:f28b2725eb8cce327b9b3ab02415c853011dc55c95832fe90de6bc56f5315f72 \
    --hash=sha256:f88af53d6ddaf72179ef613ddc905e6f4785f712b49b80b3bef9f3525e6194b4 \
    --hash=sha256:faea288b6f0ab1902ef08f4ca6de005dccf856c4e0c4f21b8c5fce02d90a1b08 \
    --hash=sha256:fff610d7bb2256a317bb1e96f0d7862c7aa8076733ee5df0fd41bbe76a24a4f4
    # via uvicorn
websockets==16.1 \
    --hash=sha256:0704df094b2d5fa7f6f410925a594c2a5c9a09167731a76292e5410934208209 \
    --hash=sha256:187323204c3b2fc465e8fc2609e60437c521790cb9c1acb49c4c452a33e57f37 \
    --hash=sha256:1ae4a686a662964a6671069f84f7f908cc3475e782227726b0c622c715962105 \
    --hash=sha256:1facd189d8190af30487a55b4c3688484dd50801628a3b5b2ccd26db08e67057 \
    --hash=sha256:2237081454846fb40403a80ba86d82e2038b9c45865ab96af0abe7d002a91045 \
    --hash=sha256:23e545ea8ae4263e37cdfd4e22a217f519e48e432728bc461185bbf585f38a83 \
    --hash=sha256:299468cbe42e2b9981134c7c51d99387d8a7bf562b00183b3eec53f882846dad \
    --hash=sha256:2c0e0857c30bbbc2bb5c30687508f0b7ec19aa026cd9f2ff8424d0fee42dcc07 \
    --hash=sha256:30c379d5b207d3a7f0ba4c2e4602a895b0bcc63fb5f5371a4ae7fbddb03b672b \
    --hash=sha256:36069b74671e7e667f48a7484249f84c45a825a134c8b1bdc01875d0daa10d79 \
    --hash=sha256:39e947b1f5fdab045174306e3916785bf3ed537648acc1549827c08c33b10953 \
    --hash=sha256:3c3d2cbd1602593bad49bd86fa3fbb25407d87a3b4bf8857c0ac5ac4914e1901 \
    --hash=sha256:45c5ea55446171949eb99fd34b771ceddd511ca21958d40d0197ced33159e5ee \
    --hash=sha256:4a6db7972d52bc1b66cefe2246902e256cbaebc9ba8a45eac09343d7eb6671b2 \
    --hash=sha256:520b0fd0395f075febb283c76755af724ab9fd19dffa4f3bfd18cb4e622790a3 \
    --hash=sha256:587f83c2ce8a5d628e166384d77fa7f0ac69b9007d515ab442123e6615aa8da3 \
    --hash=sha256:589f8842521c8307684ce0b40ce4ad70c5e0aa46484c6f1225a94ef4b8970341 \
    --hash=sha256:5dd0e666b5931c0509cf65714686a1c5126771e663a79ac5d40da4f58b1f9502 \
    --hash=sha256:5f5218de1ed047385ca53744caba9435d65f75d008364970a3fae95a05812cf9 \
    --hash=sha256:63339bc8c63c86a463177775cb7c677691f5bcfac7b3b2f01b286d42acd41600 \
    --hash=sha256:7143aa09a67e1c013be44e81a88dfe90fc6244198ab86c7edd064152cf619805 \
    --hash=sha256:7358ff21632b5d062707f73e859c824f1c3807e73d8ca25e71caca7c4cdcf145 \
    --hash=sha256:75c98e3920039d0edff03b74478ada504b7ce3a1bc406db2cabfca84320f7baf \
    --hash=sha256:7acb811fad08e611755800d1560e395c67e11a6bd563598ea6abb319afb86938 \
    --hash=sha256:82d1c2cab3c133e9d059b3a5420bed9376bd30e21c185c63dda4ddadf6ddda47 \
    --hash=sha256:84c170c6869633536921e4474b1cce7254c0c9b0053ef5725f966cee47e718e4 \
    --hash=sha256:856bdd638f8277f86465057bfdd4da097c73058fb0f9d2bd5baea29e2bf2d367 \
    --hash=sha256:8613129a2533f08de24505e69a3e403cedaadae49abdb043c4d170ca71b7e4bd \
    --hash=sha256:8e9c4e369fc181b2d41a99e01477215cecdc8546a39f7d41a59cc0a7065a0b09 \
    --hash=sha256:9003a1fde1c21a322a3ca3fa0c4bda8c639da81dbc925162766086643b05ba87 \
    --hash=sha256:98ab58a4faa72b46da0127ccc1931dcbfc0985b0778892300a092185910c4cbe \
    --hash=sha256:9cb074d150e4ad2a77aa8a332c2be85f3f64f2681519d2570c1225c12c9821ff \
    --hash=sha256:9dba74233c8c3ce368850818c98354dad2570f57231b3fd3bd00d7aa57628881 \
    --hash=sha256:a0285df7925657ad65a65fb8dc330808bce082827538fd50ef45fa12d1fc5bca \
    --hash=sha256:a3cd6c9b798218798f4bb7b2e71c38f0e744bb94ca537b13376f88019d46384d \
    --hash=sha256:a5bf9c23f197b4ec88290fd5463f33db67362a1bb10f85fc2e8e7627f0ddab97 \
    --hash=sha256:a71b73d143991714144e159f767b698f03c4a70b8a65ae1733b650cff488045b \
    --hash=sha256:ad9411eded8988b879be6038206698bf7106c85a78f642c004485bcb95be17eb \
    --hash=sha256:b0232ed141cec3df2af5a3959a071c51f40036336b0d37e17faf9ef52fc73e47 \
    --hash=sha256:b22b1f4950f6ab7126623329c3b47b3b90a14c05db517f2db2a026ad6c928352 \
    --hash=sha256:b8ef8b1c8d6bd029a475ac432e730fba2dfd456715d26c473e2a82291024b99c \
    --hash=sha256:bef52d327d70fa75dad93ee61ea2cb1d1489aca9f35c188833563f5a3b4df0a5 \
    --hash=sha256:c39907f1eaf11f6277def65aa02d68f30576b693d0c1ca332aafa3caa723ac6d \
    --hash=sha256:c5149dfe490ec7e5ee5dbf624c642fb725f93a5575c7f00ab594ca9eddb8dd81 \
    --hash=sha256:c5cf88e3faa2f7931bc6baeee7599c97656a3f6ac7f831f4fccba233e141783a \
    --hash=sha256:cc0c6a6eef613c7da32d4fb068f82ef834b58134f6a16b54e6c1e5bf9529ab3d \
    --hash=sha256:cd68f0914f3b64694895bc5e9b14e8b447e41d7bf5ffaf989bb8dcb5e2dfdce7 \
    --hash=sha256:d0f38f4c3e9b359e257c339c2cc1967ccaeedb102e57c1c986bdce4bf4f32268 \
    --hash=sha256:d19c9067e1fe9490f974bffbc0e443b80a7674c5efb4980c429cc00771f07c5a \
    --hash=sha256:d440ff0c6c7469ad59c0a412c383c235935b43635e89425e3f6a0c36de90c31b \
    --hash=sha256:e7d6014888a0632e1ed7a4095248bb3095232999447f2d83bfb1900987dd9ed9 \
    --hash=sha256:f881fca0a45dd6789939bd6637cd98169b92f1c3fdc78262f2cb9ec2cb1f324e \
    --hash=sha256:fef2debfe7f7ebdda12176f26166f95b7af17af05ba06150fcf889032e0213e9
    # via
    #   tms-backend
    #   uvicorn
